
Microsoft Visual Studio Solution File, Format Version 12.00
# Visual Studio Version 16
VisualStudioVersion = 16.0.29709.97
MinimumVisualStudioVersion = 10.0.40219.1
Project("{FAE04EC0-301F-11D3-BF4B-00C04F79EFBC}") = "WebNotesApi", "WebNotesApi\WebNotesApi.csproj", "{A27DB98B-6B16-4C7A-9CE0-5394DE64AE8B}"
EndProject
Global
	GlobalSection(SolutionConfigurationPlatforms) = preSolution
		Debug|Any CPU = Debug|Any CPU
		Release|Any CPU = Release|Any CPU
	EndGlobalSection
	GlobalSection(ProjectConfigurationPlatforms) = postSolution
		{A27DB98B-6B16-4C7A-9CE0-5394DE64AE8B}.Debug|Any CPU.ActiveCfg = Debug|Any CPU
		{A27DB98B-6B16-4C7A-9CE0-5394DE64AE8B}.Debug|Any CPU.Build.0 = Debug|Any CPU
		{A27DB98B-6B16-4C7A-9CE0-5394DE64AE8B}.Release|Any CPU.ActiveCfg = Release|Any CPU
		{A27DB98B-6B16-4C7A-9CE0-5394DE64AE8B}.Release|Any CPU.Build.0 = Release|Any CPU
	EndGlobalSection
	GlobalSection(SolutionProperties) = preSolution
		HideSolutionNode = FALSE
	EndGlobalSection
	GlobalSection(ExtensibilityGlobals) = postSolution
		SolutionGuid = {8DE8E561-D032-49EA-BBD9-43999D76E5F8}
	EndGlobalSection
EndGlobal
